Microsoft Visual Studio Solution File, Format Version 12.00
# Visual Studio Version 17
VisualStudioVersion = 17.5.2.0
MinimumVisualStudioVersion = 10.0.40219.1
Project("{FAE04EC0-301F-11D3-BF4B-00C04F79EFBC}") = "CadastroEmpresas.Api", "CadastroEmpresas.Api\CadastroEmpresas.Api.csproj", "{0E87A18E-5248-A108-613F-B2E6AACEF085}"
EndProject
Project("{FAE04EC0-301F-11D3-BF4B-00C04F79EFBC}") = "CadastroFuncionarios.Api", "CadastroFuncionarios.Api\CadastroFuncionarios.Api.csproj", "{FA891D5E-EFD5-4FB1-899E-5D50C01DDDC0}"
EndProject
Global
	GlobalSection(SolutionConfigurationPlatforms) = preSolution
		Debug|Any CPU = Debug|Any CPU
		Release|Any CPU = Release|Any CPU
	EndGlobalSection
	GlobalSection(ProjectConfigurationPlatforms) = postSolution
		{0E87A18E-5248-A108-613F-B2E6AACEF085}.Debug|Any CPU.ActiveCfg = Debug|Any CPU
		{0E87A18E-5248-A108-613F-B2E6AACEF085}.Debug|Any CPU.Build.0 = Debug|Any CPU
		{0E87A18E-5248-A108-613F-B2E6AACEF085}.Release|Any CPU.ActiveCfg = Release|Any CPU
		{0E87A18E-5248-A108-613F-B2E6AACEF085}.Release|Any CPU.Build.0 = Release|Any CPU
		{FA891D5E-EFD5-4FB1-899E-5D50C01DDDC0}.Debug|Any CPU.ActiveCfg = Debug|Any CPU
		{FA891D5E-EFD5-4FB1-899E-5D50C01DDDC0}.Debug|Any CPU.Build.0 = Debug|Any CPU
		{FA891D5E-EFD5-4FB1-899E-5D50C01DDDC0}.Release|Any CPU.ActiveCfg = Release|Any CPU
		{FA891D5E-EFD5-4FB1-899E-5D50C01DDDC0}.Release|Any CPU.Build.0 = Release|Any CPU
	EndGlobalSection
	GlobalSection(SolutionProperties) = preSolution
		HideSolutionNode = FALSE
	EndGlobalSection
	GlobalSection(ExtensibilityGlobals) = postSolution
		SolutionGuid = {5AF4A7DC-1A13-42A3-BB8F-B33DD38576E5}
	EndGlobalSection
EndGlobal
